
Microsoft Visual Studio Solution File, Format Version 11.00
# Visual Studio 2010
Project("{FAE04EC0-301F-11D3-BF4B-00C04F79EFBC}") = "MobileDownloadPlugin", "Assembly-CSharp-firstpass.csproj", "{A7F9AD92-E3E0-76FD-23CB-53F5F45DCDCF}"
EndProject
Project("{FAE04EC0-301F-11D3-BF4B-00C04F79EFBC}") = "MobileDownloadPlugin", "Assembly-CSharp.csproj", "{56D97B9E-E4D5-08D1-65A7-6032FEBCE384}"
EndProject
Global
	GlobalSection(SolutionConfigurationPlatforms) = preSolution
		Debug|Any CPU = Debug|Any CPU
		Release|Any CPU = Release|Any CPU
	EndGlobalSection
	GlobalSection(ProjectConfigurationPlatforms) = postSolution
		{A7F9AD92-E3E0-76FD-23CB-53F5F45DCDCF}.Debug|Any CPU.ActiveCfg = Debug|Any CPU
		{A7F9AD92-E3E0-76FD-23CB-53F5F45DCDCF}.Debug|Any CPU.Build.0 = Debug|Any CPU
		{A7F9AD92-E3E0-76FD-23CB-53F5F45DCDCF}.Release|Any CPU.ActiveCfg = Release|Any CPU
		{A7F9AD92-E3E0-76FD-23CB-53F5F45DCDCF}.Release|Any CPU.Build.0 = Release|Any CPU
		{56D97B9E-E4D5-08D1-65A7-6032FEBCE384}.Debug|Any CPU.ActiveCfg = Debug|Any CPU
		{56D97B9E-E4D5-08D1-65A7-6032FEBCE384}.Debug|Any CPU.Build.0 = Debug|Any CPU
		{56D97B9E-E4D5-08D1-65A7-6032FEBCE384}.Release|Any CPU.ActiveCfg = Release|Any CPU
		{56D97B9E-E4D5-08D1-65A7-6032FEBCE384}.Release|Any CPU.Build.0 = Release|Any CPU
	EndGlobalSection
	GlobalSection(SolutionProperties) = preSolution
		HideSolutionNode = FALSE
	EndGlobalSection
	GlobalSection(MonoDevelopProperties) = preSolution
		StartupItem = Assembly-CSharp.csproj
	EndGlobalSection
EndGlobal
